{
    "_readme": [
        "This file locks the dependencies of your project to a known state",
        "Read more about it at https://getcomposer.org/doc/01-basic-usage.md#installing-dependencies",
        "This file is @generated automatically"
    ],
    "content-hash": "f32348dbd750f9fa6f949843baaab400",
    "packages": [
        {
            "name": "bmlt/bmlt-satellite-driver",
            "version": "dev-master",
            "source": {
                "type": "git",
                "url": "https://github.com/bmlt-enabled/bmlt-satellite-driver.git",
                "reference": "2bd692873008a99228f6044111539dea871cf217"
            },
            "dist": {
                "type": "zip",
                "url": "https://api.github.com/repos/bmlt-enabled/bmlt-satellite-driver/zipball/2bd692873008a99228f6044111539dea871cf217",
                "reference": "2bd692873008a99228f6044111539dea871cf217",
                "shasum": ""
            },
            "type": "library",
            "notification-url": "https://packagist.org/downloads/",
            "license": [
                "MIT"
            ],
            "authors": [
                {
                    "name": "littlegreenviper"
                },
                {
                    "name": "radius314"
                }
            ],
            "description": "Provides low-level communication to the BMLT Root Server.",
            "time": "2018-11-16T01:45:49+00:00"
        }
    ],
    "packages-dev": [],
    "aliases": [],
    "minimum-stability": "dev",
    "stability-flags": {
        "bmlt/bmlt-satellite-driver": 20
    },
    "prefer-stable": false,
    "prefer-lowest": false,
    "platform": [],
    "platform-dev": []
}
