{
    "_readme": [
        "This file locks the dependencies of your project to a known state",
        "Read more about it at https://getcomposer.org/doc/01-basic-usage.md#installing-dependencies",
        "This file is @generated automatically"
    ],
    "content-hash": "2c3d90f16d8c966a706f1a6b09857459",
    "packages": [
        {
            "name": "bmlt/bmlt-satellite-driver",
            "version": "dev-master",
            "source": {
                "type": "git",
                "url": "https://bitbucket.org/bmlt/bmlt-satellite-driver",
                "reference": "f7e928579dde1179180438a5fc4bc51ad6fdd52f"
            },
            "type": "library",
            "license": [
                "GPL"
            ],
            "authors": [
                {
                    "name": "littlegreenviper"
                },
                {
                    "name": "radius314"
                }
            ],
            "description": "Provides low-level communication to the BMLT Root Server.",
            "time": "2018-11-14T17:14:57+00:00"
        }
    ],
    "packages-dev": [],
    "aliases": [],
    "minimum-stability": "dev",
    "stability-flags": {
        "bmlt/bmlt-satellite-driver": 20
    },
    "prefer-stable": false,
    "prefer-lowest": false,
    "platform": [],
    "platform-dev": []
}
